
Microsoft Visual Studio Solution File, Format Version 12.00
# Visual Studio 15
VisualStudioVersion = 15.0.27703.2042
MinimumVisualStudioVersion = 10.0.40219.1
Project("{FAE04EC0-301F-11D3-BF4B-00C04F79EFBC}") = "Isogram", "Isogram\Isogram.csproj", "{E79A58E0-3963-4F2D-8672-8F59D722F4C7}"
EndProject
Project("{FAE04EC0-301F-11D3-BF4B-00C04F79EFBC}") = "Isogram.Tests", "Isogram.Tests\Isogram.Tests.csproj", "{6B78D502-561A-47C4-AEB6-2F8B349464F2}"
EndProject
Global
	GlobalSection(SolutionConfigurationPlatforms) = preSolution
		Debug|Any CPU = Debug|Any CPU
		Release|Any CPU = Release|Any CPU
	EndGlobalSection
	GlobalSection(ProjectConfigurationPlatforms) = postSolution
		{E79A58E0-3963-4F2D-8672-8F59D722F4C7}.Debug|Any CPU.ActiveCfg = Debug|Any CPU
		{E79A58E0-3963-4F2D-8672-8F59D722F4C7}.Debug|Any CPU.Build.0 = Debug|Any CPU
		{E79A58E0-3963-4F2D-8672-8F59D722F4C7}.Release|Any CPU.ActiveCfg = Release|Any CPU
		{E79A58E0-3963-4F2D-8672-8F59D722F4C7}.Release|Any CPU.Build.0 = Release|Any CPU
		{6B78D502-561A-47C4-AEB6-2F8B349464F2}.Debug|Any CPU.ActiveCfg = Debug|Any CPU
		{6B78D502-561A-47C4-AEB6-2F8B349464F2}.Debug|Any CPU.Build.0 = Debug|Any CPU
		{6B78D502-561A-47C4-AEB6-2F8B349464F2}.Release|Any CPU.ActiveCfg = Release|Any CPU
		{6B78D502-561A-47C4-AEB6-2F8B349464F2}.Release|Any CPU.Build.0 = Release|Any CPU
	EndGlobalSection
	GlobalSection(SolutionProperties) = preSolution
		HideSolutionNode = FALSE
	EndGlobalSection
	GlobalSection(ExtensibilityGlobals) = postSolution
		SolutionGuid = {593B5C31-AC0A-4239-B848-F8F428E3EF6B}
	EndGlobalSection
EndGlobal
